{
  "name": "Physics",
  "version": "1.0.0",
  "lockfileVersion": 2,
  "requires": true,
  "packages": {
    "": {
      "version": "1.0.0",
      "license": "ISC",
      "dependencies": {
        "@types/matter-js": "^0.14.9",
        "matter-js": "^0.15.0"
      },
      "devDependencies": {
        "@types/p5": "^0.9.1",
        "p5": "^1.2.0"
      }
    },
    "node_modules/@types/matter-js": {
      "version": "0.14.9",
      "resolved": "https://registry.npmjs.org/@types/matter-js/-/matter-js-0.14.9.tgz",
      "integrity": "sha512-hyS0bfcPuCreRs+eFqRMwOsLSUco10kO5FACvH/nXEE6NiqFNedmarbGZkzQh5jjuw9YwUQ5RtQem6CtWcdXFg=="
    },
    "node_modules/@types/p5": {
      "version": "0.9.1",
      "resolved": "https://registry.npmjs.org/@types/p5/-/p5-0.9.1.tgz",
      "integrity": "sha512-4glOKdqdBiRWDFZwi/MjHudPV2U4t2L4fTTSacGapfFxyNXzZcAshAjqmrJkCIZcFlhRBEAL7AM95xRDMfrIwg==",
      "dev": true
    },
    "node_modules/matter-js": {
      "version": "0.15.0",
      "resolved": "https://registry.npmjs.org/matter-js/-/matter-js-0.15.0.tgz",
      "integrity": "sha512-+SXrgSz0IbbXo5pifWnw/IlWVrkrZXPI+2gMdvI6BCHpXrgRsmlj2wGKVBmjZC6qzBNM2ImqHCRuYhmEmwTOlA=="
    },
    "node_modules/p5": {
      "version": "1.2.0",
      "resolved": "https://registry.npmjs.org/p5/-/p5-1.2.0.tgz",
      "integrity": "sha512-om9CSZXjw+BdC/u474nUtrVXAqeSRHNBDteDpIhQqgypziE+hh9BUc/YNl3RT5rX3kNtQlLes2S2sRqFU+S+JA==",
      "dev": true
    }
  },
  "dependencies": {
    "@types/matter-js": {
      "version": "0.14.9",
      "resolved": "https://registry.npmjs.org/@types/matter-js/-/matter-js-0.14.9.tgz",
      "integrity": "sha512-hyS0bfcPuCreRs+eFqRMwOsLSUco10kO5FACvH/nXEE6NiqFNedmarbGZkzQh5jjuw9YwUQ5RtQem6CtWcdXFg=="
    },
    "@types/p5": {
      "version": "0.9.1",
      "resolved": "https://registry.npmjs.org/@types/p5/-/p5-0.9.1.tgz",
      "integrity": "sha512-4glOKdqdBiRWDFZwi/MjHudPV2U4t2L4fTTSacGapfFxyNXzZcAshAjqmrJkCIZcFlhRBEAL7AM95xRDMfrIwg==",
      "dev": true
    },
    "matter-js": {
      "version": "0.15.0",
      "resolved": "https://registry.npmjs.org/matter-js/-/matter-js-0.15.0.tgz",
      "integrity": "sha512-+SXrgSz0IbbXo5pifWnw/IlWVrkrZXPI+2gMdvI6BCHpXrgRsmlj2wGKVBmjZC6qzBNM2ImqHCRuYhmEmwTOlA=="
    },
    "p5": {
      "version": "1.2.0",
      "resolved": "https://registry.npmjs.org/p5/-/p5-1.2.0.tgz",
      "integrity": "sha512-om9CSZXjw+BdC/u474nUtrVXAqeSRHNBDteDpIhQqgypziE+hh9BUc/YNl3RT5rX3kNtQlLes2S2sRqFU+S+JA==",
      "dev": true
    }
  }
}
